// !$*UTF8*$!
{
	archiveVersion = 1;
	classes = {
	};
	objectVersion = 46;
	objects = {

/* Begin PBXBuildFile section */
		2C4B22CD1943CC9900D279EA /* AppDelegate.swift in Sources */ = {isa = PBXBuildFile; fileRef = 2C4B22CC1943CC9900D279EA /* AppDelegate.swift */; };
		2C4B22CF1943CC9900D279EA /* MasterViewController.swift in Sources */ = {isa = PBXBuildFile; fileRef = 2C4B22CE1943CC9900D279EA /* MasterViewController.swift */; };
		2C4B22D11943CC9900D279EA /* DetailViewController.swift in Sources */ = {isa = PBXBuildFile; fileRef = 2C4B22D01943CC9900D279EA /* DetailViewController.swift */; };
		2C4B22D41943CC9900D279EA /* Main.storyboard in Resources */ = {isa = PBXBuildFile; fileRef = 2C4B22D21943CC9900D279EA /* Main.storyboard */; };
		2C4B22D61943CC9900D279EA /* Images.xcassets in Resources */ = {isa = PBXBuildFile; fileRef = 2C4B22D51943CC9900D279EA /* Images.xcassets */; };
		2C4B22E21943CC9900D279EA /* RunemalTests.swift in Sources */ = {isa = PBXBuildFile; fileRef = 2C4B22E11943CC9900D279EA /* RunemalTests.swift */; };
/* End PBXBuildFile section */

/* Begin PBXContainerItemProxy section */
		2C4B22DC1943CC9900D279EA /* PBXContainerItemProxy */ = {
			isa = PBXContainerItemProxy;
			containerPortal = 2C4B22BF1943CC9900D279EA /* Project object */;
			proxyType = 1;
			remoteGlobalIDString = 2C4B22C61943CC9900D279EA;
			remoteInfo = Runemal;
		};
/* End PBXContainerItemProxy section */

/* Begin PBXFileReference section */
		2C4B22C71943CC9900D279EA /* Runemal.app */ = {isa = PBXFileReference; explicitFileType = wrapper.application; includeInIndex = 0; path = Runemal.app; sourceTree = BUILT_PRODUCTS_DIR; };
		2C4B22CB1943CC9900D279EA /* Info.plist */ = {isa = PBXFileReference; lastKnownFileType = text.plist.xml; path = Info.plist; sourceTree = "<group>"; };
		2C4B22CC1943CC9900D279EA /* AppDelegate.swift */ = {isa = PBXFileReference; lastKnownFileType = sourcecode.swift; path = AppDelegate.swift; sourceTree = "<group>"; };
		2C4B22CE1943CC9900D279EA /* MasterViewController.swift */ = {isa = PBXFileReference; lastKnownFileType = sourcecode.swift; path = MasterViewController.swift; sourceTree = "<group>"; };
		2C4B22D01943CC9900D279EA /* DetailViewController.swift */ = {isa = PBXFileReference; lastKnownFileType = sourcecode.swift; path = DetailViewController.swift; sourceTree = "<group>"; };
		2C4B22D31943CC9900D279EA /* Base */ = {isa = PBXFileReference; lastKnownFileType = file.storyboard; name = Base; path = Base.lproj/Main.storyboard; sourceTree = "<group>"; };
		2C4B22D51943CC9900D279EA /* Images.xcassets */ = {isa = PBXFileReference; lastKnownFileType = folder.assetcatalog; path = Images.xcassets; sourceTree = "<group>"; };
		2C4B22DB1943CC9900D279EA /* RunemalTests.xctest */ = {isa = PBXFileReference; explicitFileType = wrapper.cfbundle; includeInIndex = 0; path = RunemalTests.xctest; sourceTree = BUILT_PRODUCTS_DIR; };
		2C4B22E01943CC9900D279EA /* Info.plist */ = {isa = PBXFileReference; lastKnownFileType = text.plist.xml; path = Info.plist; sourceTree = "<group>"; };
		2C4B22E11943CC9900D279EA /* RunemalTests.swift */ = {isa = PBXFileReference; lastKnownFileType = sourcecode.swift; path = RunemalTests.swift; sourceTree = "<group>"; };
/* End PBXFileReference section */

/* Begin PBXFrameworksBuildPhase section */
		2C4B22C41943CC9900D279EA /* Frameworks */ = {
			isa = PBXFrameworksBuildPhase;
			buildActionMask = 2147483647;
			files = (
			);
			runOnlyForDeploymentPostprocessing = 0;
		};
		2C4B22D81943CC9900D279EA /* Frameworks */ = {
			isa = PBXFrameworksBuildPhase;
			buildActionMask = 2147483647;
			files = (
			);
			runOnlyForDeploymentPostprocessing = 0;
		};
/* End PBXFrameworksBuildPhase section */

/* Begin PBXGroup section */
		2C4B22BE1943CC9900D279EA = {
			isa = PBXGroup;
			children = (
				2C4B22C91943CC9900D279EA /* Runemal */,
				2C4B22DE1943CC9900D279EA /* RunemalTests */,
				2C4B22C81943CC9900D279EA /* Products */,
			);
			sourceTree = "<group>";
		};
		2C4B22C81943CC9900D279EA /* Products */ = {
			isa = PBXGroup;
			children = (
				2C4B22C71943CC9900D279EA /* Runemal.app */,
				2C4B22DB1943CC9900D279EA /* RunemalTests.xctest */,
			);
			name = Products;
			sourceTree = "<group>";
		};
		2C4B22C91943CC9900D279EA /* Runemal */ = {
			isa = PBXGroup;
			children = (
				2C4B22CC1943CC9900D279EA /* AppDelegate.swift */,
				2C4B22CE1943CC9900D279EA /* MasterViewController.swift */,
				2C4B22D01943CC9900D279EA /* DetailViewController.swift */,
				2C4B22D21943CC9900D279EA /* Main.storyboard */,
				2C4B22D51943CC9900D279EA /* Images.xcassets */,
				2C4B22CA1943CC9900D279EA /* Supporting Files */,
			);
			path = Runemal;
			sourceTree = "<group>";
		};
		2C4B22CA1943CC9900D279EA /* Supporting Files */ = {
			isa = PBXGroup;
			children = (
				2C4B22CB1943CC9900D279EA /* Info.plist */,
			);
			name = "Supporting Files";
			sourceTree = "<group>";
		};
		2C4B22DE1943CC9900D279EA /* RunemalTests */ = {
			isa = PBXGroup;
			children = (
				2C4B22E11943CC9900D279EA /* RunemalTests.swift */,
				2C4B22DF1943CC9900D279EA /* Supporting Files */,
			);
			path = RunemalTests;
			sourceTree = "<group>";
		};
		2C4B22DF1943CC9900D279EA /* Supporting Files */ = {
			isa = PBXGroup;
			children = (
				2C4B22E01943CC9900D279EA /* Info.plist */,
			);
			name = "Supporting Files";
			sourceTree = "<group>";
		};
/* End PBXGroup section */

/* Begin PBXNativeTarget section */
		2C4B22C61943CC9900D279EA /* Runemal */ = {
			isa = PBXNativeTarget;
			buildConfigurationList = 2C4B22E51943CC9900D279EA /* Build configuration list for PBXNativeTarget "Runemal" */;
			buildPhases = (
				2C4B22C31943CC9900D279EA /* Sources */,
				2C4B22C41943CC9900D279EA /* Frameworks */,
				2C4B22C51943CC9900D279EA /* Resources */,
			);
			buildRules = (
			);
			dependencies = (
			);
			name = Runemal;
			productName = Runemal;
			productReference = 2C4B22C71943CC9900D279EA /* Runemal.app */;
			productType = "com.apple.product-type.application";
		};
		2C4B22DA1943CC9900D279EA /* RunemalTests */ = {
			isa = PBXNativeTarget;
			buildConfigurationList = 2C4B22E81943CC9900D279EA /* Build configuration list for PBXNativeTarget "RunemalTests" */;
			buildPhases = (
				2C4B22D71943CC9900D279EA /* Sources */,
				2C4B22D81943CC9900D279EA /* Frameworks */,
				2C4B22D91943CC9900D279EA /* Resources */,
			);
			buildRules = (
			);
			dependencies = (
				2C4B22DD1943CC9900D279EA /* PBXTargetDependency */,
			);
			name = RunemalTests;
			productName = RunemalTests;
			productReference = 2C4B22DB1943CC9900D279EA /* RunemalTests.xctest */;
			productType = "com.apple.product-type.bundle.unit-test";
		};
/* End PBXNativeTarget section */

/* Begin PBXProject section */
		2C4B22BF1943CC9900D279EA /* Project object */ = {
			isa = PBXProject;
			attributes = {
				LastUpgradeCheck = 0600;
				ORGANIZATIONNAME = VideoHooHaa;
				TargetAttributes = {
					2C4B22C61943CC9900D279EA = {
						CreatedOnToolsVersion = 6.0;
					};
					2C4B22DA1943CC9900D279EA = {
						CreatedOnToolsVersion = 6.0;
						TestTargetID = 2C4B22C61943CC9900D279EA;
					};
				};
			};
			buildConfigurationList = 2C4B22C21943CC9900D279EA /* Build configuration list for PBXProject "Runemal" */;
			compatibilityVersion = "Xcode 3.2";
			developmentRegion = English;
			hasScannedForEncodings = 0;
			knownRegions = (
				en,
				Base,
			);
			mainGroup = 2C4B22BE1943CC9900D279EA;
			productRefGroup = 2C4B22C81943CC9900D279EA /* Products */;
			projectDirPath = "";
			projectRoot = "";
			targets = (
				2C4B22C61943CC9900D279EA /* Runemal */,
				2C4B22DA1943CC9900D279EA /* RunemalTests */,
			);
		};
/* End PBXProject section */

/* Begin PBXResourcesBuildPhase section */
		2C4B22C51943CC9900D279EA /* Resources */ = {
			isa = PBXResourcesBuildPhase;
			buildActionMask = 2147483647;
			files = (
				2C4B22D41943CC9900D279EA /* Main.storyboard in Resources */,
				2C4B22D61943CC9900D279EA /* Images.xcassets in Resources */,
			);
			runOnlyForDeploymentPostprocessing = 0;
		};
		2C4B22D91943CC9900D279EA /* Resources */ = {
			isa = PBXResourcesBuildPhase;
			buildActionMask = 2147483647;
			files = (
			);
			runOnlyForDeploymentPostprocessing = 0;
		};
/* End PBXResourcesBuildPhase section */

/* Begin PBXSourcesBuildPhase section */
		2C4B22C31943CC9900D279EA /* Sources */ = {
			isa = PBXSourcesBuildPhase;
			buildActionMask = 2147483647;
			files = (
				2C4B22D11943CC9900D279EA /* DetailViewController.swift in Sources */,
				2C4B22CF1943CC9900D279EA /* MasterViewController.swift in Sources */,
				2C4B22CD1943CC9900D279EA /* AppDelegate.swift in Sources */,
			);
			runOnlyForDeploymentPostprocessing = 0;
		};
		2C4B22D71943CC9900D279EA /* Sources */ = {
			isa = PBXSourcesBuildPhase;
			buildActionMask = 2147483647;
			files = (
				2C4B22E21943CC9900D279EA /* RunemalTests.swift in Sources */,
			);
			runOnlyForDeploymentPostprocessing = 0;
		};
/* End PBXSourcesBuildPhase section */

/* Begin PBXTargetDependency section */
		2C4B22DD1943CC9900D279EA /* PBXTargetDependency */ = {
			isa = PBXTargetDependency;
			target = 2C4B22C61943CC9900D279EA /* Runemal */;
			targetProxy = 2C4B22DC1943CC9900D279EA /* PBXContainerItemProxy */;
		};
/* End PBXTargetDependency section */

/* Begin PBXVariantGroup section */
		2C4B22D21943CC9900D279EA /* Main.storyboard */ = {
			isa = PBXVariantGroup;
			children = (
				2C4B22D31943CC9900D279EA /* Base */,
			);
			name = Main.storyboard;
			sourceTree = "<group>";
		};
/* End PBXVariantGroup section */

/* Begin XCBuildConfiguration section */
		2C4B22E31943CC9900D279EA /* Debug */ = {
			isa = XCBuildConfiguration;
			buildSettings = {
				ALWAYS_SEARCH_USER_PATHS = NO;
				CLANG_CXX_LANGUAGE_STANDARD = "gnu++0x";
				CLANG_CXX_LIBRARY = "libc++";
				CLANG_ENABLE_MODULES = YES;
				CLANG_ENABLE_OBJC_ARC = YES;
				CLANG_WARN_BOOL_CONVERSION = YES;
				CLANG_WARN_CONSTANT_CONVERSION = YES;
				CLANG_WARN_DIRECT_OBJC_ISA_USAGE = YES_ERROR;
				CLANG_WARN_EMPTY_BODY = YES;
				CLANG_WARN_ENUM_CONVERSION = YES;
				CLANG_WARN_INT_CONVERSION = YES;
				CLANG_WARN_OBJC_ROOT_CLASS = YES_ERROR;
				CLANG_WARN_UNREACHABLE_CODE = YES;
				CLANG_WARN__DUPLICATE_METHOD_MATCH = YES;
				"CODE_SIGN_IDENTITY[sdk=iphoneos*]" = "iPhone Developer";
				COPY_PHASE_STRIP = NO;
				ENABLE_STRICT_OBJC_MSGSEND = YES;
				GCC_C_LANGUAGE_STANDARD = gnu99;
				GCC_DYNAMIC_NO_PIC = NO;
				GCC_OPTIMIZATION_LEVEL = 0;
				GCC_PREPROCESSOR_DEFINITIONS = (
					"DEBUG=1",
					"$(inherited)",
				);
				GCC_SYMBOLS_PRIVATE_EXTERN = NO;
				GCC_WARN_64_TO_32_BIT_CONVERSION = YES;
				GCC_WARN_ABOUT_RETURN_TYPE = YES_ERROR;
				GCC_WARN_UNDECLARED_SELECTOR = YES;
				GCC_WARN_UNINITIALIZED_AUTOS = YES_AGGRESSIVE;
				GCC_WARN_UNUSED_FUNCTION = YES;
				GCC_WARN_UNUSED_VARIABLE = YES;
				IPHONEOS_DEPLOYMENT_TARGET = 8.0;
				METAL_ENABLE_DEBUG_INFO = YES;
				ONLY_ACTIVE_ARCH = YES;
				SDKROOT = iphoneos;
				SWIFT_OPTIMIZATION_LEVEL = "-Onone";
				TARGETED_DEVICE_FAMILY = "1,2";
			};
			name = Debug;
		};
		2C4B22E41943CC9900D279EA /* Release */ = {
			isa = XCBuildConfiguration;
			buildSettings = {
				ALWAYS_SEARCH_USER_PATHS = NO;
				CLANG_CXX_LANGUAGE_STANDARD = "gnu++0x";
				CLANG_CXX_LIBRARY = "libc++";
				CLANG_ENABLE_MODULES = YES;
				CLANG_ENABLE_OBJC_ARC = YES;
				CLANG_WARN_BOOL_CONVERSION = YES;
				CLANG_WARN_CONSTANT_CONVERSION = YES;
				CLANG_WARN_DIRECT_OBJC_ISA_USAGE = YES_ERROR;
				CLANG_WARN_EMPTY_BODY = YES;
				CLANG_WARN_ENUM_CONVERSION = YES;
				CLANG_WARN_INT_CONVERSION = YES;
				CLANG_WARN_OBJC_ROOT_CLASS = YES_ERROR;
				CLANG_WARN_UNREACHABLE_CODE = YES;
				CLANG_WARN__DUPLICATE_METHOD_MATCH = YES;
				"CODE_SIGN_IDENTITY[sdk=iphoneos*]" = "iPhone Developer";
				COPY_PHASE_STRIP = YES;
				ENABLE_NS_ASSERTIONS = NO;
				ENABLE_STRICT_OBJC_MSGSEND = YES;
				GCC_C_LANGUAGE_STANDARD = gnu99;
				GCC_WARN_64_TO_32_BIT_CONVERSION = YES;
				GCC_WARN_ABOUT_RETURN_TYPE = YES_ERROR;
				GCC_WARN_UNDECLARED_SELECTOR = YES;
				GCC_WARN_UNINITIALIZED_AUTOS = YES_AGGRESSIVE;
				GCC_WARN_UNUSED_FUNCTION = YES;
				GCC_WARN_UNUSED_VARIABLE = YES;
				IPHONEOS_DEPLOYMENT_TARGET = 8.0;
				METAL_ENABLE_DEBUG_INFO = NO;
				SDKROOT = iphoneos;
				TARGETED_DEVICE_FAMILY = "1,2";
				VALIDATE_PRODUCT = YES;
			};
			name = Release;
		};
		2C4B22E61943CC9900D279EA /* Debug */ = {
			isa = XCBuildConfiguration;
			buildSettings = {
				ASSETCATALOG_COMPILER_APPICON_NAME = AppIcon;
				ASSETCATALOG_COMPILER_LAUNCHIMAGE_NAME = LaunchImage;
				INFOPLIST_FILE = Runemal/Info.plist;
				LD_RUNPATH_SEARCH_PATHS = "$(inherited) @executable_path/Frameworks";
				PRODUCT_NAME = "$(TARGET_NAME)";
			};
			name = Debug;
		};
		2C4B22E71943CC9900D279EA /* Release */ = {
			isa = XCBuildConfiguration;
			buildSettings = {
				ASSETCATALOG_COMPILER_APPICON_NAME = AppIcon;
				ASSETCATALOG_COMPILER_LAUNCHIMAGE_NAME = LaunchImage;
				INFOPLIST_FILE = Runemal/Info.plist;
				LD_RUNPATH_SEARCH_PATHS = "$(inherited) @executable_path/Frameworks";
				PRODUCT_NAME = "$(TARGET_NAME)";
			};
			name = Release;
		};
		2C4B22E91943CC9900D279EA /* Debug */ = {
			isa = XCBuildConfiguration;
			buildSettings = {
				BUNDLE_LOADER = "$(BUILT_PRODUCTS_DIR)/Runemal.app/Runemal";
				FRAMEWORK_SEARCH_PATHS = (
					"$(SDKROOT)/Developer/Library/Frameworks",
					"$(inherited)",
				);
				GCC_PREPROCESSOR_DEFINITIONS = (
					"DEBUG=1",
					"$(inherited)",
				);
				INFOPLIST_FILE = RunemalTests/Info.plist;
				LD_RUNPATH_SEARCH_PATHS = "$(inherited) @executable_path/Frameworks @loader_path/Frameworks";
				METAL_ENABLE_DEBUG_INFO = YES;
				PRODUCT_NAME = "$(TARGET_NAME)";
				TEST_HOST = "$(BUNDLE_LOADER)";
			};
			name = Debug;
		};
		2C4B22EA1943CC9900D279EA /* Release */ = {
			isa = XCBuildConfiguration;
			buildSettings = {
				BUNDLE_LOADER = "$(BUILT_PRODUCTS_DIR)/Runemal.app/Runemal";
				FRAMEWORK_SEARCH_PATHS = (
					"$(SDKROOT)/Developer/Library/Frameworks",
					"$(inherited)",
				);
				INFOPLIST_FILE = RunemalTests/Info.plist;
				LD_RUNPATH_SEARCH_PATHS = "$(inherited) @executable_path/Frameworks @loader_path/Frameworks";
				METAL_ENABLE_DEBUG_INFO = NO;
				PRODUCT_NAME = "$(TARGET_NAME)";
				TEST_HOST = "$(BUNDLE_LOADER)";
			};
			name = Release;
		};
/* End XCBuildConfiguration section */

/* Begin XCConfigurationList section */
		2C4B22C21943CC9900D279EA /* Build configuration list for PBXProject "Runemal" */ = {
			isa = XCConfigurationList;
			buildConfigurations = (
				2C4B22E31943CC9900D279EA /* Debug */,
				2C4B22E41943CC9900D279EA /* Release */,
			);
			defaultConfigurationIsVisible = 0;
			defaultConfigurationName = Release;
		};
		2C4B22E51943CC9900D279EA /* Build configuration list for PBXNativeTarget "Runemal" */ = {
			isa = XCConfigurationList;
			buildConfigurations = (
				2C4B22E61943CC9900D279EA /* Debug */,
				2C4B22E71943CC9900D279EA /* Release */,
			);
			defaultConfigurationIsVisible = 0;
		};
		2C4B22E81943CC9900D279EA /* Build configuration list for PBXNativeTarget "RunemalTests" */ = {
			isa = XCConfigurationList;
			buildConfigurations = (
				2C4B22E91943CC9900D279EA /* Debug */,
				2C4B22EA1943CC9900D279EA /* Release */,
			);
			defaultConfigurationIsVisible = 0;
		};
/* End XCConfigurationList section */
	};
	rootObject = 2C4B22BF1943CC9900D279EA /* Project object */;
}
